
Microsoft Visual Studio Solution File, Format Version 12.00
# Visual Studio 15
VisualStudioVersion = 15.0.26124.0
MinimumVisualStudioVersion = 15.0.26124.0
Project("{FAE04EC0-301F-11D3-BF4B-00C04F79EFBC}") = "ShoppingCart", "ShoppingCart\ShoppingCart.csproj", "{C865E84C-9D2B-4B93-80F9-F306F68F32B2}"
EndProject
Project("{FAE04EC0-301F-11D3-BF4B-00C04F79EFBC}") = "ShoppingCartTests", "ShoppingCartTests\ShoppingCartTests.csproj", "{242A71DD-8D10-4974-B2A0-EF56AAE5F95E}"
EndProject
Project("{FAE04EC0-301F-11D3-BF4B-00C04F79EFBC}") = "EventConsumer", "EventConsumer\EventConsumer.csproj", "{6AC16C8E-D8D9-4010-8DD7-7FC40602E6F0}"
EndProject
Global
	GlobalSection(SolutionConfigurationPlatforms) = preSolution
		Debug|Any CPU = Debug|Any CPU
		Debug|x64 = Debug|x64
		Debug|x86 = Debug|x86
		Release|Any CPU = Release|Any CPU
		Release|x64 = Release|x64
		Release|x86 = Release|x86
	EndGlobalSection
	GlobalSection(SolutionProperties) = preSolution
		HideSolutionNode = FALSE
	EndGlobalSection
	GlobalSection(ProjectConfigurationPlatforms) = postSolution
		{C865E84C-9D2B-4B93-80F9-F306F68F32B2}.Debug|Any CPU.ActiveCfg = Debug|Any CPU
		{C865E84C-9D2B-4B93-80F9-F306F68F32B2}.Debug|Any CPU.Build.0 = Debug|Any CPU
		{C865E84C-9D2B-4B93-80F9-F306F68F32B2}.Debug|x64.ActiveCfg = Debug|Any CPU
		{C865E84C-9D2B-4B93-80F9-F306F68F32B2}.Debug|x64.Build.0 = Debug|Any CPU
		{C865E84C-9D2B-4B93-80F9-F306F68F32B2}.Debug|x86.ActiveCfg = Debug|Any CPU
		{C865E84C-9D2B-4B93-80F9-F306F68F32B2}.Debug|x86.Build.0 = Debug|Any CPU
		{C865E84C-9D2B-4B93-80F9-F306F68F32B2}.Release|Any CPU.ActiveCfg = Release|Any CPU
		{C865E84C-9D2B-4B93-80F9-F306F68F32B2}.Release|Any CPU.Build.0 = Release|Any CPU
		{C865E84C-9D2B-4B93-80F9-F306F68F32B2}.Release|x64.ActiveCfg = Release|Any CPU
		{C865E84C-9D2B-4B93-80F9-F306F68F32B2}.Release|x64.Build.0 = Release|Any CPU
		{C865E84C-9D2B-4B93-80F9-F306F68F32B2}.Release|x86.ActiveCfg = Release|Any CPU
		{C865E84C-9D2B-4B93-80F9-F306F68F32B2}.Release|x86.Build.0 = Release|Any CPU
		{242A71DD-8D10-4974-B2A0-EF56AAE5F95E}.Debug|Any CPU.ActiveCfg = Debug|Any CPU
		{242A71DD-8D10-4974-B2A0-EF56AAE5F95E}.Debug|Any CPU.Build.0 = Debug|Any CPU
		{242A71DD-8D10-4974-B2A0-EF56AAE5F95E}.Debug|x64.ActiveCfg = Debug|Any CPU
		{242A71DD-8D10-4974-B2A0-EF56AAE5F95E}.Debug|x64.Build.0 = Debug|Any CPU
		{242A71DD-8D10-4974-B2A0-EF56AAE5F95E}.Debug|x86.ActiveCfg = Debug|Any CPU
		{242A71DD-8D10-4974-B2A0-EF56AAE5F95E}.Debug|x86.Build.0 = Debug|Any CPU
		{242A71DD-8D10-4974-B2A0-EF56AAE5F95E}.Release|Any CPU.ActiveCfg = Release|Any CPU
		{242A71DD-8D10-4974-B2A0-EF56AAE5F95E}.Release|Any CPU.Build.0 = Release|Any CPU
		{242A71DD-8D10-4974-B2A0-EF56AAE5F95E}.Release|x64.ActiveCfg = Release|Any CPU
		{242A71DD-8D10-4974-B2A0-EF56AAE5F95E}.Release|x64.Build.0 = Release|Any CPU
		{242A71DD-8D10-4974-B2A0-EF56AAE5F95E}.Release|x86.ActiveCfg = Release|Any CPU
		{242A71DD-8D10-4974-B2A0-EF56AAE5F95E}.Release|x86.Build.0 = Release|Any CPU
		{6AC16C8E-D8D9-4010-8DD7-7FC40602E6F0}.Debug|Any CPU.ActiveCfg = Debug|Any CPU
		{6AC16C8E-D8D9-4010-8DD7-7FC40602E6F0}.Debug|Any CPU.Build.0 = Debug|Any CPU
		{6AC16C8E-D8D9-4010-8DD7-7FC40602E6F0}.Debug|x64.ActiveCfg = Debug|Any CPU
		{6AC16C8E-D8D9-4010-8DD7-7FC40602E6F0}.Debug|x64.Build.0 = Debug|Any CPU
		{6AC16C8E-D8D9-4010-8DD7-7FC40602E6F0}.Debug|x86.ActiveCfg = Debug|Any CPU
		{6AC16C8E-D8D9-4010-8DD7-7FC40602E6F0}.Debug|x86.Build.0 = Debug|Any CPU
		{6AC16C8E-D8D9-4010-8DD7-7FC40602E6F0}.Release|Any CPU.ActiveCfg = Release|Any CPU
		{6AC16C8E-D8D9-4010-8DD7-7FC40602E6F0}.Release|Any CPU.Build.0 = Release|Any CPU
		{6AC16C8E-D8D9-4010-8DD7-7FC40602E6F0}.Release|x64.ActiveCfg = Release|Any CPU
		{6AC16C8E-D8D9-4010-8DD7-7FC40602E6F0}.Release|x64.Build.0 = Release|Any CPU
		{6AC16C8E-D8D9-4010-8DD7-7FC40602E6F0}.Release|x86.ActiveCfg = Release|Any CPU
		{6AC16C8E-D8D9-4010-8DD7-7FC40602E6F0}.Release|x86.Build.0 = Release|Any CPU
	EndGlobalSection
EndGlobal
